lockfileVersion: '9.0'

settings:
  autoInstallPeers: true
  excludeLinksFromLockfile: false

importers:

  .:
    dependencies:
      '@tanstack/react-query':
        specifier: ^5.90.21
        version: 5.90.21(react@19.2.4)
      lucide-react:
        specifier: ^0.574.0
        version: 0.574.0(react@19.2.4)
      react:
        specifier: ^19.2.4
        version: 19.2.4
      zustand:
        specifier: ^5.0.11
        version: 5.0.11(react@19.2.4)

packages:

  '@tanstack/query-core@5.90.20':
    resolution: {integrity: sha512-OMD2HLpNouXEfZJWcKeVKUgQ5n+n3A2JFmBaScpNDUqSrQSjiveC7dKMe53uJUg1nDG16ttFPz2xfilz6i2uVg==}

  '@tanstack/react-query@5.90.21':
    resolution: {integrity: sha512-0Lu6y5t+tvlTJMTO7oh5NSpJfpg/5D41LlThfepTixPYkJ0sE2Jj0m0f6yYqujBwIXlId87e234+MxG3D3g7kg==}
    peerDependencies:
      react: ^18 || ^19

  lucide-react@0.574.0:
    resolution: {integrity: sha512-dJ8xb5juiZVIbdSn3HTyHsjjIwUwZ4FNwV0RtYDScOyySOeie1oXZTymST6YPJ4Qwt3Po8g4quhYl4OxtACiuQ==}
    peerDependencies:
      react: ^16.5.1 || ^17.0.0 || ^18.0.0 || ^19.0.0

  react@19.2.4:
    resolution: {integrity: sha512-9nfp2hYpCwOjAN+8TZFGhtWEwgvWHXqESH8qT89AT/lWklpLON22Lc8pEtnpsZz7VmawabSU0gCjnj8aC0euHQ==}
    engines: {node: '>=0.10.0'}

  zustand@5.0.11:
    resolution: {integrity: sha512-fdZY+dk7zn/vbWNCYmzZULHRrss0jx5pPFiOuMZ/5HJN6Yv3u+1Wswy/4MpZEkEGhtNH+pwxZB8OKgUBPzYAGg==}
    engines: {node: '>=12.20.0'}
    peerDependencies:
      '@types/react': '>=18.0.0'
      immer: '>=9.0.6'
      react: '>=18.0.0'
      use-sync-external-store: '>=1.2.0'
    peerDependenciesMeta:
      '@types/react':
        optional: true
      immer:
        optional: true
      react:
        optional: true
      use-sync-external-store:
        optional: true

snapshots:

  '@tanstack/query-core@5.90.20': {}

  '@tanstack/react-query@5.90.21(react@19.2.4)':
    dependencies:
      '@tanstack/query-core': 5.90.20
      react: 19.2.4

  lucide-react@0.574.0(react@19.2.4):
    dependencies:
      react: 19.2.4

  react@19.2.4: {}

  zustand@5.0.11(react@19.2.4):
    optionalDependencies:
      react: 19.2.4
